# This file was autogenerated by Stack.
# You should not edit this file by hand.
# For more information, please see the documentation at:
#   https://docs.haskellstack.org/en/stable/lock_files

packages:
- completed:
    hackage: weigh-0.0.14@sha256:655ff8086b9704828102872a48cfd968b355352d4ee1a01b42a2e033eb8639e1,1119
    pantry-tree:
      size: 418
      sha256: c1c460012612fe8a5772e6a1de2706af844fd2e07eb206888f18feb30fab3bf3
  original:
    hackage: weigh-0.0.14
snapshots:
- completed:
    size: 504336
    url: https://raw.githubusercontent.com/commercialhaskell/stackage-snapshots/master/lts/12/12.yaml
    sha256: 11db5c37144d13fe6b56cd511050b4e6ffe988f6edb8e439c2432fc9fcdf50c3
  original: lts-12.12
